
Microsoft Visual Studio Solution File, Format Version 12.00
# Visual Studio Version 16
VisualStudioVersion = 16.0.28803.352
MinimumVisualStudioVersion = 10.0.40219.1
Project("{FAE04EC0-301F-11D3-BF4B-00C04F79EFBC}") = "Strategy(策略模式)", "23种设计模式\Strategy(策略模式).csproj", "{7553AACD-951E-4E89-9B0F-BAD4744FD166}"
EndProject
Project("{FAE04EC0-301F-11D3-BF4B-00C04F79EFBC}") = "装饰模式(Decorator)", "装饰模式(Decorator)\装饰模式(Decorator).csproj", "{11035F6F-8E1D-4136-9790-A1871D14ADA6}"
EndProject
Project("{FAE04EC0-301F-11D3-BF4B-00C04F79EFBC}") = "代理模式", "代理模式\代理模式.csproj", "{10164CF7-33BC-459E-91AA-1CDD943BF75D}"
EndProject
Project("{FAE04EC0-301F-11D3-BF4B-00C04F79EFBC}") = "SimpleFactoryPattern(简单工厂模式）", "SimpleFactoryPattern(简单工厂模式）\SimpleFactoryPattern(简单工厂模式）.csproj", "{E95AAEEE-B2FE-4205-AC1A-692F72EB28C7}"
EndProject
Project("{FAE04EC0-301F-11D3-BF4B-00C04F79EFBC}") = "FactoryMethodPattern(工厂方法模式)", "FactoryMethodPattern(工厂方法模式)\FactoryMethodPattern(工厂方法模式).csproj", "{BF777236-A360-4E52-B785-299E58F813F2}"
EndProject
Project("{FAE04EC0-301F-11D3-BF4B-00C04F79EFBC}") = "BuilderPattern(建造者模式)", "BuilderPattern(建造者模式)\BuilderPattern(建造者模式).csproj", "{55D7C923-C95D-4F95-BC6E-1F43E6C78B5F}"
EndProject
Project("{FAE04EC0-301F-11D3-BF4B-00C04F79EFBC}") = "BuilderPatterWebForm", "BuilderPatterWebForm\BuilderPatterWebForm.csproj", "{FA199A1A-9261-4373-8E58-DE8E9A7C9B68}"
EndProject
Project("{FAE04EC0-301F-11D3-BF4B-00C04F79EFBC}") = "PrototypePattern(原型模式)", "PrototypePattern(原型模式)\PrototypePattern(原型模式).csproj", "{A5FB9AA0-70A8-4716-8A04-7EA7492DDFFE}"
EndProject
Project("{9A19103F-16F7-4668-BE54-9A1E7A4F7556}") = "适配器模式（AdapterPattern）", "适配器模式（AdapterPattern）\适配器模式（AdapterPattern）.csproj", "{4D57B626-18A9-4FF5-A8BF-C8AB88E90E4F}"
EndProject
Project("{9A19103F-16F7-4668-BE54-9A1E7A4F7556}") = "TemplatePattern(模板模式)", "TemplatePattern(模板模式)\TemplatePattern(模板模式).csproj", "{F76A2908-661A-4C86-95E9-792AFD299EAA}"
EndProject
Project("{9A19103F-16F7-4668-BE54-9A1E7A4F7556}") = "FacadePattern(外观模式)", "FacadePattern(外观模式)\FacadePattern(外观模式).csproj", "{32CC9791-8247-48F3-A429-988377369C69}"
EndProject
Project("{9A19103F-16F7-4668-BE54-9A1E7A4F7556}") = "ObserverPattern(观察者模式)", "ObserverPattern(观察这模式)\ObserverPattern(观察者模式).csproj", "{9A3FB011-C24D-422B-A155-5FDA5A2080EE}"
EndProject
Project("{9A19103F-16F7-4668-BE54-9A1E7A4F7556}") = "AbstractFactoryPattern(抽象工厂模式)", "AbstractFactoryPattern(抽象工厂模式)\AbstractFactoryPattern(抽象工厂模式).csproj", "{E996B995-B6F3-4047-9B69-D811D4893BA9}"
EndProject
Project("{9A19103F-16F7-4668-BE54-9A1E7A4F7556}") = "StatePattern(状态模式)", "StatePattern\StatePattern(状态模式).csproj", "{29C74D22-174A-4F4C-8627-132AEB8E4C10}"
EndProject
Project("{9A19103F-16F7-4668-BE54-9A1E7A4F7556}") = "MementoPattern(备忘录模式)", "MementoPattern(备忘录模式)\MementoPattern(备忘录模式).csproj", "{DB3D0950-0D05-4FAF-9E53-9F71B526A2EB}"
EndProject
Project("{9A19103F-16F7-4668-BE54-9A1E7A4F7556}") = "CompositePattern(组合模式)", "CompositePattern(组合模式)\CompositePattern(组合模式).csproj", "{34723FCD-B81A-4487-8156-19CE532FCBFB}"
EndProject
Project("{9A19103F-16F7-4668-BE54-9A1E7A4F7556}") = "IteratorPattern(迭代器模式)", "IteratorPattern(迭代器模式)\IteratorPattern(迭代器模式).csproj", "{729BD1B2-AAEB-432E-B012-CD662C68F367}"
EndProject
Project("{9A19103F-16F7-4668-BE54-9A1E7A4F7556}") = "SingletonPattern(单例模式)", "SingletonPattern(单例模式)\SingletonPattern(单例模式).csproj", "{6AEE08AB-F151-44C8-864B-55FBF83C5977}"
EndProject
Project("{9A19103F-16F7-4668-BE54-9A1E7A4F7556}") = "BridgePattern(桥接模式)", "BridgePattern(桥接模式)\BridgePattern(桥接模式).csproj", "{5DB06CEC-87BE-4239-BC04-D400F638E8D5}"
EndProject
Project("{9A19103F-16F7-4668-BE54-9A1E7A4F7556}") = "CommandPattern(命令模式)", "CommandPattern(命令模式)\CommandPattern(命令模式).csproj", "{5E6340FD-FA4F-4E6F-B9A7-BD8318F10633}"
EndProject
Project("{9A19103F-16F7-4668-BE54-9A1E7A4F7556}") = "ChainOfResponsibilityPattern(职责链模式)", "ChainOfResponsibilityPattern()\ChainOfResponsibilityPattern(职责链模式).csproj", "{F4DBB8A4-5CDB-4BE8-B44B-1833E01EFA6A}"
EndProject
Project("{FAE04EC0-301F-11D3-BF4B-00C04F79EFBC}") = "MediatorPattern(中介者模式)", "MediatorPattern(中介者模式)\MediatorPattern(中介者模式).csproj", "{48B17A8A-6432-4408-9ECA-24F0D49690AB}"
EndProject
Global
	GlobalSection(SolutionConfigurationPlatforms) = preSolution
		Debug|Any CPU = Debug|Any CPU
		Release|Any CPU = Release|Any CPU
	EndGlobalSection
	GlobalSection(ProjectConfigurationPlatforms) = postSolution
		{7553AACD-951E-4E89-9B0F-BAD4744FD166}.Debug|Any CPU.ActiveCfg = Debug|Any CPU
		{7553AACD-951E-4E89-9B0F-BAD4744FD166}.Debug|Any CPU.Build.0 = Debug|Any CPU
		{7553AACD-951E-4E89-9B0F-BAD4744FD166}.Release|Any CPU.ActiveCfg = Release|Any CPU
		{7553AACD-951E-4E89-9B0F-BAD4744FD166}.Release|Any CPU.Build.0 = Release|Any CPU
		{11035F6F-8E1D-4136-9790-A1871D14ADA6}.Debug|Any CPU.ActiveCfg = Debug|Any CPU
		{11035F6F-8E1D-4136-9790-A1871D14ADA6}.Debug|Any CPU.Build.0 = Debug|Any CPU
		{11035F6F-8E1D-4136-9790-A1871D14ADA6}.Release|Any CPU.ActiveCfg = Release|Any CPU
		{11035F6F-8E1D-4136-9790-A1871D14ADA6}.Release|Any CPU.Build.0 = Release|Any CPU
		{10164CF7-33BC-459E-91AA-1CDD943BF75D}.Debug|Any CPU.ActiveCfg = Debug|Any CPU
		{10164CF7-33BC-459E-91AA-1CDD943BF75D}.Debug|Any CPU.Build.0 = Debug|Any CPU
		{10164CF7-33BC-459E-91AA-1CDD943BF75D}.Release|Any CPU.ActiveCfg = Release|Any CPU
		{10164CF7-33BC-459E-91AA-1CDD943BF75D}.Release|Any CPU.Build.0 = Release|Any CPU
		{E95AAEEE-B2FE-4205-AC1A-692F72EB28C7}.Debug|Any CPU.ActiveCfg = Debug|Any CPU
		{E95AAEEE-B2FE-4205-AC1A-692F72EB28C7}.Debug|Any CPU.Build.0 = Debug|Any CPU
		{E95AAEEE-B2FE-4205-AC1A-692F72EB28C7}.Release|Any CPU.ActiveCfg = Release|Any CPU
		{E95AAEEE-B2FE-4205-AC1A-692F72EB28C7}.Release|Any CPU.Build.0 = Release|Any CPU
		{BF777236-A360-4E52-B785-299E58F813F2}.Debug|Any CPU.ActiveCfg = Debug|Any CPU
		{BF777236-A360-4E52-B785-299E58F813F2}.Debug|Any CPU.Build.0 = Debug|Any CPU
		{BF777236-A360-4E52-B785-299E58F813F2}.Release|Any CPU.ActiveCfg = Release|Any CPU
		{BF777236-A360-4E52-B785-299E58F813F2}.Release|Any CPU.Build.0 = Release|Any CPU
		{55D7C923-C95D-4F95-BC6E-1F43E6C78B5F}.Debug|Any CPU.ActiveCfg = Debug|Any CPU
		{55D7C923-C95D-4F95-BC6E-1F43E6C78B5F}.Debug|Any CPU.Build.0 = Debug|Any CPU
		{55D7C923-C95D-4F95-BC6E-1F43E6C78B5F}.Release|Any CPU.ActiveCfg = Release|Any CPU
		{55D7C923-C95D-4F95-BC6E-1F43E6C78B5F}.Release|Any CPU.Build.0 = Release|Any CPU
		{FA199A1A-9261-4373-8E58-DE8E9A7C9B68}.Debug|Any CPU.ActiveCfg = Debug|Any CPU
		{FA199A1A-9261-4373-8E58-DE8E9A7C9B68}.Debug|Any CPU.Build.0 = Debug|Any CPU
		{FA199A1A-9261-4373-8E58-DE8E9A7C9B68}.Release|Any CPU.ActiveCfg = Release|Any CPU
		{FA199A1A-9261-4373-8E58-DE8E9A7C9B68}.Release|Any CPU.Build.0 = Release|Any CPU
		{A5FB9AA0-70A8-4716-8A04-7EA7492DDFFE}.Debug|Any CPU.ActiveCfg = Debug|Any CPU
		{A5FB9AA0-70A8-4716-8A04-7EA7492DDFFE}.Debug|Any CPU.Build.0 = Debug|Any CPU
		{A5FB9AA0-70A8-4716-8A04-7EA7492DDFFE}.Release|Any CPU.ActiveCfg = Release|Any CPU
		{A5FB9AA0-70A8-4716-8A04-7EA7492DDFFE}.Release|Any CPU.Build.0 = Release|Any CPU
		{4D57B626-18A9-4FF5-A8BF-C8AB88E90E4F}.Debug|Any CPU.ActiveCfg = Debug|Any CPU
		{4D57B626-18A9-4FF5-A8BF-C8AB88E90E4F}.Debug|Any CPU.Build.0 = Debug|Any CPU
		{4D57B626-18A9-4FF5-A8BF-C8AB88E90E4F}.Release|Any CPU.ActiveCfg = Release|Any CPU
		{4D57B626-18A9-4FF5-A8BF-C8AB88E90E4F}.Release|Any CPU.Build.0 = Release|Any CPU
		{F76A2908-661A-4C86-95E9-792AFD299EAA}.Debug|Any CPU.ActiveCfg = Debug|Any CPU
		{F76A2908-661A-4C86-95E9-792AFD299EAA}.Debug|Any CPU.Build.0 = Debug|Any CPU
		{F76A2908-661A-4C86-95E9-792AFD299EAA}.Release|Any CPU.ActiveCfg = Release|Any CPU
		{F76A2908-661A-4C86-95E9-792AFD299EAA}.Release|Any CPU.Build.0 = Release|Any CPU
		{32CC9791-8247-48F3-A429-988377369C69}.Debug|Any CPU.ActiveCfg = Debug|Any CPU
		{32CC9791-8247-48F3-A429-988377369C69}.Debug|Any CPU.Build.0 = Debug|Any CPU
		{32CC9791-8247-48F3-A429-988377369C69}.Release|Any CPU.ActiveCfg = Release|Any CPU
		{32CC9791-8247-48F3-A429-988377369C69}.Release|Any CPU.Build.0 = Release|Any CPU
		{9A3FB011-C24D-422B-A155-5FDA5A2080EE}.Debug|Any CPU.ActiveCfg = Debug|Any CPU
		{9A3FB011-C24D-422B-A155-5FDA5A2080EE}.Debug|Any CPU.Build.0 = Debug|Any CPU
		{9A3FB011-C24D-422B-A155-5FDA5A2080EE}.Release|Any CPU.ActiveCfg = Release|Any CPU
		{9A3FB011-C24D-422B-A155-5FDA5A2080EE}.Release|Any CPU.Build.0 = Release|Any CPU
		{E996B995-B6F3-4047-9B69-D811D4893BA9}.Debug|Any CPU.ActiveCfg = Debug|Any CPU
		{E996B995-B6F3-4047-9B69-D811D4893BA9}.Debug|Any CPU.Build.0 = Debug|Any CPU
		{E996B995-B6F3-4047-9B69-D811D4893BA9}.Release|Any CPU.ActiveCfg = Release|Any CPU
		{E996B995-B6F3-4047-9B69-D811D4893BA9}.Release|Any CPU.Build.0 = Release|Any CPU
		{29C74D22-174A-4F4C-8627-132AEB8E4C10}.Debug|Any CPU.ActiveCfg = Debug|Any CPU
		{29C74D22-174A-4F4C-8627-132AEB8E4C10}.Debug|Any CPU.Build.0 = Debug|Any CPU
		{29C74D22-174A-4F4C-8627-132AEB8E4C10}.Release|Any CPU.ActiveCfg = Release|Any CPU
		{29C74D22-174A-4F4C-8627-132AEB8E4C10}.Release|Any CPU.Build.0 = Release|Any CPU
		{DB3D0950-0D05-4FAF-9E53-9F71B526A2EB}.Debug|Any CPU.ActiveCfg = Debug|Any CPU
		{DB3D0950-0D05-4FAF-9E53-9F71B526A2EB}.Debug|Any CPU.Build.0 = Debug|Any CPU
		{DB3D0950-0D05-4FAF-9E53-9F71B526A2EB}.Release|Any CPU.ActiveCfg = Release|Any CPU
		{DB3D0950-0D05-4FAF-9E53-9F71B526A2EB}.Release|Any CPU.Build.0 = Release|Any CPU
		{34723FCD-B81A-4487-8156-19CE532FCBFB}.Debug|Any CPU.ActiveCfg = Debug|Any CPU
		{34723FCD-B81A-4487-8156-19CE532FCBFB}.Debug|Any CPU.Build.0 = Debug|Any CPU
		{34723FCD-B81A-4487-8156-19CE532FCBFB}.Release|Any CPU.ActiveCfg = Release|Any CPU
		{34723FCD-B81A-4487-8156-19CE532FCBFB}.Release|Any CPU.Build.0 = Release|Any CPU
		{729BD1B2-AAEB-432E-B012-CD662C68F367}.Debug|Any CPU.ActiveCfg = Debug|Any CPU
		{729BD1B2-AAEB-432E-B012-CD662C68F367}.Debug|Any CPU.Build.0 = Debug|Any CPU
		{729BD1B2-AAEB-432E-B012-CD662C68F367}.Release|Any CPU.ActiveCfg = Release|Any CPU
		{729BD1B2-AAEB-432E-B012-CD662C68F367}.Release|Any CPU.Build.0 = Release|Any CPU
		{6AEE08AB-F151-44C8-864B-55FBF83C5977}.Debug|Any CPU.ActiveCfg = Debug|Any CPU
		{6AEE08AB-F151-44C8-864B-55FBF83C5977}.Debug|Any CPU.Build.0 = Debug|Any CPU
		{6AEE08AB-F151-44C8-864B-55FBF83C5977}.Release|Any CPU.ActiveCfg = Release|Any CPU
		{6AEE08AB-F151-44C8-864B-55FBF83C5977}.Release|Any CPU.Build.0 = Release|Any CPU
		{5DB06CEC-87BE-4239-BC04-D400F638E8D5}.Debug|Any CPU.ActiveCfg = Debug|Any CPU
		{5DB06CEC-87BE-4239-BC04-D400F638E8D5}.Debug|Any CPU.Build.0 = Debug|Any CPU
		{5DB06CEC-87BE-4239-BC04-D400F638E8D5}.Release|Any CPU.ActiveCfg = Release|Any CPU
		{5DB06CEC-87BE-4239-BC04-D400F638E8D5}.Release|Any CPU.Build.0 = Release|Any CPU
		{5E6340FD-FA4F-4E6F-B9A7-BD8318F10633}.Debug|Any CPU.ActiveCfg = Debug|Any CPU
		{5E6340FD-FA4F-4E6F-B9A7-BD8318F10633}.Debug|Any CPU.Build.0 = Debug|Any CPU
		{5E6340FD-FA4F-4E6F-B9A7-BD8318F10633}.Release|Any CPU.ActiveCfg = Release|Any CPU
		{5E6340FD-FA4F-4E6F-B9A7-BD8318F10633}.Release|Any CPU.Build.0 = Release|Any CPU
		{F4DBB8A4-5CDB-4BE8-B44B-1833E01EFA6A}.Debug|Any CPU.ActiveCfg = Debug|Any CPU
		{F4DBB8A4-5CDB-4BE8-B44B-1833E01EFA6A}.Debug|Any CPU.Build.0 = Debug|Any CPU
		{F4DBB8A4-5CDB-4BE8-B44B-1833E01EFA6A}.Release|Any CPU.ActiveCfg = Release|Any CPU
		{F4DBB8A4-5CDB-4BE8-B44B-1833E01EFA6A}.Release|Any CPU.Build.0 = Release|Any CPU
		{48B17A8A-6432-4408-9ECA-24F0D49690AB}.Debug|Any CPU.ActiveCfg = Debug|Any CPU
		{48B17A8A-6432-4408-9ECA-24F0D49690AB}.Debug|Any CPU.Build.0 = Debug|Any CPU
		{48B17A8A-6432-4408-9ECA-24F0D49690AB}.Release|Any CPU.ActiveCfg = Release|Any CPU
		{48B17A8A-6432-4408-9ECA-24F0D49690AB}.Release|Any CPU.Build.0 = Release|Any CPU
	EndGlobalSection
	GlobalSection(SolutionProperties) = preSolution
		HideSolutionNode = FALSE
	EndGlobalSection
	GlobalSection(ExtensibilityGlobals) = postSolution
		SolutionGuid = {82D55C21-334F-464F-9C2E-3CC2BC3169BD}
	EndGlobalSection
EndGlobal
